// !$*UTF8*$!
{
	archiveVersion = 1;
	classes = {
	};
	objectVersion = 56;
	objects = {

/* Begin PBXBuildFile section */
		AF05CEC9291E867B00A69B02 /* StepsView.swift in Sources */ = {isa = PBXBuildFile; fileRef = AF05CEC8291E867B00A69B02 /* StepsView.swift */; };
		AF05CECE291F627700A69B02 /* WABarsView.swift in Sources */ = {isa = PBXBuildFile; fileRef = AF05CECD291F627700A69B02 /* WABarsView.swift */; };
		AF05CED1291F629300A69B02 /* WABarView.swift in Sources */ = {isa = PBXBuildFile; fileRef = AF05CED0291F629300A69B02 /* WABarView.swift */; };
		AF389398291BF819007F1CA7 /* StatsView.swift in Sources */ = {isa = PBXBuildFile; fileRef = AF389397291BF819007F1CA7 /* StatsView.swift */; };
		AF38939B291BF893007F1CA7 /* StatsItemView.swift in Sources */ = {isa = PBXBuildFile; fileRef = AF38939A291BF893007F1CA7 /* StatsItemView.swift */; };
		AF3BCFFC290C071000426807 /* AppDelegate.swift in Sources */ = {isa = PBXBuildFile; fileRef = AF3BCFFB290C071000426807 /* AppDelegate.swift */; };
		AF3BCFFE290C071000426807 /* SceneDelegate.swift in Sources */ = {isa = PBXBuildFile; fileRef = AF3BCFFD290C071000426807 /* SceneDelegate.swift */; };
		AF3BD000290C071000426807 /* OverviewController.swift in Sources */ = {isa = PBXBuildFile; fileRef = AF3BCFFF290C071000426807 /* OverviewController.swift */; };
		AF3BD005290C071100426807 /* Assets.xcassets in Resources */ = {isa = PBXBuildFile; fileRef = AF3BD004290C071100426807 /* Assets.xcassets */; };
		AF3BD008290C071100426807 /* LaunchScreen.storyboard in Resources */ = {isa = PBXBuildFile; fileRef = AF3BD006290C071100426807 /* LaunchScreen.storyboard */; };
		AF3BD012290C09F700426807 /* TabBarController.swift in Sources */ = {isa = PBXBuildFile; fileRef = AF3BD011290C09F700426807 /* TabBarController.swift */; };
		AF3BD015290C0B3D00426807 /* UIColor + ext.swift in Sources */ = {isa = PBXBuildFile; fileRef = AF3BD014290C0B3D00426807 /* UIColor + ext.swift */; };
		AF3BD018290C0C3800426807 /* Recouces.swift in Sources */ = {isa = PBXBuildFile; fileRef = AF3BD017290C0C3800426807 /* Recouces.swift */; };
		AF4211D1290CF884002AE46B /* NavBarController.swift in Sources */ = {isa = PBXBuildFile; fileRef = AF4211D0290CF884002AE46B /* NavBarController.swift */; };
		AF4211D4290CFD74002AE46B /* WABaseController.swift in Sources */ = {isa = PBXBuildFile; fileRef = AF4211D3290CFD74002AE46B /* WABaseController.swift */; };
		AF4211D6290D018D002AE46B /* UIView + ext.swift in Sources */ = {isa = PBXBuildFile; fileRef = AF4211D5290D018D002AE46B /* UIView + ext.swift */; };
		AF4211DE290D0435002AE46B /* SessionController.swift in Sources */ = {isa = PBXBuildFile; fileRef = AF4211DD290D0435002AE46B /* SessionController.swift */; };
		AF4211E0290D0441002AE46B /* ProgressController.swift in Sources */ = {isa = PBXBuildFile; fileRef = AF4211DF290D0441002AE46B /* ProgressController.swift */; };
		AF4211E2290D044E002AE46B /* SettingsController.swift in Sources */ = {isa = PBXBuildFile; fileRef = AF4211E1290D044E002AE46B /* SettingsController.swift */; };
		AF4211E5290D1416002AE46B /* WAButton.swift in Sources */ = {isa = PBXBuildFile; fileRef = AF4211E4290D1416002AE46B /* WAButton.swift */; };
		AF4211E7290D2682002AE46B /* OverviewNavBar.swift in Sources */ = {isa = PBXBuildFile; fileRef = AF4211E6290D2682002AE46B /* OverviewNavBar.swift */; };
		AF4211E9290D26EA002AE46B /* WABaseView.swift in Sources */ = {isa = PBXBuildFile; fileRef = AF4211E8290D26EA002AE46B /* WABaseView.swift */; };
		AF4211EC290E9B0D002AE46B /* WeekView.swift in Sources */ = {isa = PBXBuildFile; fileRef = AF4211EB290E9B0D002AE46B /* WeekView.swift */; };
		AF4211EE290EA060002AE46B /* WeekdayView.swift in Sources */ = {isa = PBXBuildFile; fileRef = AF4211ED290EA060002AE46B /* WeekdayView.swift */; };
		AF704E41290ED6B200CB546B /* .gitignore in Resources */ = {isa = PBXBuildFile; fileRef = AF704E40290ED6B200CB546B /* .gitignore */; };
		AF704E452910309E00CB546B /* WABaseInfoView.swift in Sources */ = {isa = PBXBuildFile; fileRef = AF704E442910309E00CB546B /* WABaseInfoView.swift */; };
		AF704E4929169AC000CB546B /* TimerView.swift in Sources */ = {isa = PBXBuildFile; fileRef = AF704E4829169AC000CB546B /* TimerView.swift */; };
		AF704E4C29169BEE00CB546B /* ProgressView   .swift in Sources */ = {isa = PBXBuildFile; fileRef = AF704E4B29169BEE00CB546B /* ProgressView   .swift */; };
		AF704E52291A2DE800CB546B /* PecentView.swift in Sources */ = {isa = PBXBuildFile; fileRef = AF704E51291A2DE800CB546B /* PecentView.swift */; };
		AF9E0442290EAB2600C1C272 /* Date + ext.swift in Sources */ = {isa = PBXBuildFile; fileRef = AF9E0441290EAB2600C1C272 /* Date + ext.swift */; };
		AFE0A0FB294DBF8E00B71E12 /* DailyPerformanceView.swift in Sources */ = {isa = PBXBuildFile; fileRef = AFE0A0FA294DBF8E00B71E12 /* DailyPerformanceView.swift */; };
		AFE0A0FE2956FB8100B71E12 /* MonthlyPerformanceView.swift in Sources */ = {isa = PBXBuildFile; fileRef = AFE0A0FD2956FB8100B71E12 /* MonthlyPerformanceView.swift */; };
		AFE0A10329571E9B00B71E12 /* WAChartsView.swift in Sources */ = {isa = PBXBuildFile; fileRef = AFE0A10229571E9B00B71E12 /* WAChartsView.swift */; };
		AFE0A1062957232E00B71E12 /* XAxisView.swift in Sources */ = {isa = PBXBuildFile; fileRef = AFE0A1052957232E00B71E12 /* XAxisView.swift */; };
		AFE0A10829572E8700B71E12 /* YAxisView.swift in Sources */ = {isa = PBXBuildFile; fileRef = AFE0A10729572E8700B71E12 /* YAxisView.swift */; };
/* End PBXBuildFile section */

/* Begin PBXFileReference section */
		AF05CEC8291E867B00A69B02 /* StepsView.swift */ = {isa = PBXFileReference; lastKnownFileType = sourcecode.swift; path = StepsView.swift; sourceTree = "<group>"; };
		AF05CECD291F627700A69B02 /* WABarsView.swift */ = {isa = PBXFileReference; lastKnownFileType = sourcecode.swift; path = WABarsView.swift; sourceTree = "<group>"; };
		AF05CED0291F629300A69B02 /* WABarView.swift */ = {isa = PBXFileReference; lastKnownFileType = sourcecode.swift; path = WABarView.swift; sourceTree = "<group>"; };
		AF389397291BF819007F1CA7 /* StatsView.swift */ = {isa = PBXFileReference; lastKnownFileType = sourcecode.swift; path = StatsView.swift; sourceTree = "<group>"; };
		AF38939A291BF893007F1CA7 /* StatsItemView.swift */ = {isa = PBXFileReference; lastKnownFileType = sourcecode.swift; path = StatsItemView.swift; sourceTree = "<group>"; };
		AF3BCFF8290C071000426807 /* WorkoutApp.app */ = {isa = PBXFileReference; explicitFileType = wrapper.application; includeInIndex = 0; path = WorkoutApp.app; sourceTree = BUILT_PRODUCTS_DIR; };
		AF3BCFFB290C071000426807 /* AppDelegate.swift */ = {isa = PBXFileReference; lastKnownFileType = sourcecode.swift; path = AppDelegate.swift; sourceTree = "<group>"; };
		AF3BCFFD290C071000426807 /* SceneDelegate.swift */ = {isa = PBXFileReference; lastKnownFileType = sourcecode.swift; path = SceneDelegate.swift; sourceTree = "<group>"; };
		AF3BCFFF290C071000426807 /* OverviewController.swift */ = {isa = PBXFileReference; lastKnownFileType = sourcecode.swift; path = OverviewController.swift; sourceTree = "<group>"; };
		AF3BD004290C071100426807 /* Assets.xcassets */ = {isa = PBXFileReference; lastKnownFileType = folder.assetcatalog; path = Assets.xcassets; sourceTree = "<group>"; };
		AF3BD007290C071100426807 /* Base */ = {isa = PBXFileReference; lastKnownFileType = file.storyboard; name = Base; path = Base.lproj/LaunchScreen.storyboard; sourceTree = "<group>"; };
		AF3BD009290C071100426807 /* Info.plist */ = {isa = PBXFileReference; lastKnownFileType = text.plist.xml; path = Info.plist; sourceTree = "<group>"; };
		AF3BD011290C09F700426807 /* TabBarController.swift */ = {isa = PBXFileReference; lastKnownFileType = sourcecode.swift; path = TabBarController.swift; sourceTree = "<group>"; };
		AF3BD014290C0B3D00426807 /* UIColor + ext.swift */ = {isa = PBXFileReference; lastKnownFileType = sourcecode.swift; path = "UIColor + ext.swift"; sourceTree = "<group>"; };
		AF3BD017290C0C3800426807 /* Recouces.swift */ = {isa = PBXFileReference; lastKnownFileType = sourcecode.swift; path = Recouces.swift; sourceTree = "<group>"; };
		AF4211D0290CF884002AE46B /* NavBarController.swift */ = {isa = PBXFileReference; lastKnownFileType = sourcecode.swift; path = NavBarController.swift; sourceTree = "<group>"; };
		AF4211D3290CFD74002AE46B /* WABaseController.swift */ = {isa = PBXFileReference; lastKnownFileType = sourcecode.swift; path = WABaseController.swift; sourceTree = "<group>"; };
		AF4211D5290D018D002AE46B /* UIView + ext.swift */ = {isa = PBXFileReference; lastKnownFileType = sourcecode.swift; path = "UIView + ext.swift"; sourceTree = "<group>"; };
		AF4211DD290D0435002AE46B /* SessionController.swift */ = {isa = PBXFileReference; lastKnownFileType = sourcecode.swift; path = SessionController.swift; sourceTree = "<group>"; };
		AF4211DF290D0441002AE46B /* ProgressController.swift */ = {isa = PBXFileReference; lastKnownFileType = sourcecode.swift; path = ProgressController.swift; sourceTree = "<group>"; };
		AF4211E1290D044E002AE46B /* SettingsController.swift */ = {isa = PBXFileReference; lastKnownFileType = sourcecode.swift; path = SettingsController.swift; sourceTree = "<group>"; };
		AF4211E4290D1416002AE46B /* WAButton.swift */ = {isa = PBXFileReference; lastKnownFileType = sourcecode.swift; path = WAButton.swift; sourceTree = "<group>"; };
		AF4211E6290D2682002AE46B /* OverviewNavBar.swift */ = {isa = PBXFileReference; lastKnownFileType = sourcecode.swift; path = OverviewNavBar.swift; sourceTree = "<group>"; };
		AF4211E8290D26EA002AE46B /* WABaseView.swift */ = {isa = PBXFileReference; lastKnownFileType = sourcecode.swift; path = WABaseView.swift; sourceTree = "<group>"; };
		AF4211EB290E9B0D002AE46B /* WeekView.swift */ = {isa = PBXFileReference; lastKnownFileType = sourcecode.swift; path = WeekView.swift; sourceTree = "<group>"; };
		AF4211ED290EA060002AE46B /* WeekdayView.swift */ = {isa = PBXFileReference; lastKnownFileType = sourcecode.swift; path = WeekdayView.swift; sourceTree = "<group>"; };
		AF704E40290ED6B200CB546B /* .gitignore */ = {isa = PBXFileReference; lastKnownFileType = text; path = .gitignore; sourceTree = "<group>"; };
		AF704E442910309E00CB546B /* WABaseInfoView.swift */ = {isa = PBXFileReference; lastKnownFileType = sourcecode.swift; path = WABaseInfoView.swift; sourceTree = "<group>"; };
		AF704E4829169AC000CB546B /* TimerView.swift */ = {isa = PBXFileReference; lastKnownFileType = sourcecode.swift; path = TimerView.swift; sourceTree = "<group>"; };
		AF704E4B29169BEE00CB546B /* ProgressView   .swift */ = {isa = PBXFileReference; lastKnownFileType = sourcecode.swift; path = "ProgressView   .swift"; sourceTree = "<group>"; };
		AF704E51291A2DE800CB546B /* PecentView.swift */ = {isa = PBXFileReference; lastKnownFileType = sourcecode.swift; path = PecentView.swift; sourceTree = "<group>"; };
		AF9E0441290EAB2600C1C272 /* Date + ext.swift */ = {isa = PBXFileReference; lastKnownFileType = sourcecode.swift; path = "Date + ext.swift"; sourceTree = "<group>"; };
		AFE0A0FA294DBF8E00B71E12 /* DailyPerformanceView.swift */ = {isa = PBXFileReference; lastKnownFileType = sourcecode.swift; path = DailyPerformanceView.swift; sourceTree = "<group>"; };
		AFE0A0FD2956FB8100B71E12 /* MonthlyPerformanceView.swift */ = {isa = PBXFileReference; lastKnownFileType = sourcecode.swift; path = MonthlyPerformanceView.swift; sourceTree = "<group>"; };
		AFE0A10229571E9B00B71E12 /* WAChartsView.swift */ = {isa = PBXFileReference; lastKnownFileType = sourcecode.swift; path = WAChartsView.swift; sourceTree = "<group>"; };
		AFE0A1052957232E00B71E12 /* XAxisView.swift */ = {isa = PBXFileReference; lastKnownFileType = sourcecode.swift; path = XAxisView.swift; sourceTree = "<group>"; };
		AFE0A10729572E8700B71E12 /* YAxisView.swift */ = {isa = PBXFileReference; lastKnownFileType = sourcecode.swift; path = YAxisView.swift; sourceTree = "<group>"; };
/* End PBXFileReference section */

/* Begin PBXFrameworksBuildPhase section */
		AF3BCFF5290C071000426807 /* Frameworks */ = {
			isa = PBXFrameworksBuildPhase;
			buildActionMask = 2147483647;
			files = (
			);
			runOnlyForDeploymentPostprocessing = 0;
		};
/* End PBXFrameworksBuildPhase section */

/* Begin PBXGroup section */
		AF05CECA291F624200A69B02 /* WABarsView */ = {
			isa = PBXGroup;
			children = (
				AF05CECF291F628100A69B02 /* Views */,
				AF05CECD291F627700A69B02 /* WABarsView.swift */,
			);
			path = WABarsView;
			sourceTree = "<group>";
		};
		AF05CECF291F628100A69B02 /* Views */ = {
			isa = PBXGroup;
			children = (
				AF05CED0291F629300A69B02 /* WABarView.swift */,
			);
			path = Views;
			sourceTree = "<group>";
		};
		AF389395291BDC2B007F1CA7 /* Stats */ = {
			isa = PBXGroup;
			children = (
				AF389399291BF859007F1CA7 /* Views */,
				AF389397291BF819007F1CA7 /* StatsView.swift */,
			);
			path = Stats;
			sourceTree = "<group>";
		};
		AF389396291BDC35007F1CA7 /* Steps */ = {
			isa = PBXGroup;
			children = (
				AF05CEC8291E867B00A69B02 /* StepsView.swift */,
			);
			path = Steps;
			sourceTree = "<group>";
		};
		AF389399291BF859007F1CA7 /* Views */ = {
			isa = PBXGroup;
			children = (
				AF38939A291BF893007F1CA7 /* StatsItemView.swift */,
			);
			path = Views;
			sourceTree = "<group>";
		};
		AF3BCFEF290C071000426807 = {
			isa = PBXGroup;
			children = (
				AF704E40290ED6B200CB546B /* .gitignore */,
				AF3BCFFA290C071000426807 /* WorkoutApp */,
				AF3BCFF9290C071000426807 /* Products */,
			);
			sourceTree = "<group>";
		};
		AF3BCFF9290C071000426807 /* Products */ = {
			isa = PBXGroup;
			children = (
				AF3BCFF8290C071000426807 /* WorkoutApp.app */,
			);
			name = Products;
			sourceTree = "<group>";
		};
		AF3BCFFA290C071000426807 /* WorkoutApp */ = {
			isa = PBXGroup;
			children = (
				AF3BD013290C0B1E00426807 /* Helpers */,
				AF3BD00F290C079E00426807 /* Application */,
				AF4211D2290CFD4F002AE46B /* Controllers */,
				AF3BD010290C07BF00426807 /* SupportingFiles */,
			);
			path = WorkoutApp;
			sourceTree = "<group>";
		};
		AF3BD00F290C079E00426807 /* Application */ = {
			isa = PBXGroup;
			children = (
				AF3BCFFB290C071000426807 /* AppDelegate.swift */,
				AF3BCFFD290C071000426807 /* SceneDelegate.swift */,
			);
			path = Application;
			sourceTree = "<group>";
		};
		AF3BD010290C07BF00426807 /* SupportingFiles */ = {
			isa = PBXGroup;
			children = (
				AF3BD004290C071100426807 /* Assets.xcassets */,
				AF3BD006290C071100426807 /* LaunchScreen.storyboard */,
				AF3BD009290C071100426807 /* Info.plist */,
			);
			path = SupportingFiles;
			sourceTree = "<group>";
		};
		AF3BD013290C0B1E00426807 /* Helpers */ = {
			isa = PBXGroup;
			children = (
				AF3BD016290C0B4A00426807 /* Extensions */,
				AF3BD017290C0C3800426807 /* Recouces.swift */,
			);
			path = Helpers;
			sourceTree = "<group>";
		};
		AF3BD016290C0B4A00426807 /* Extensions */ = {
			isa = PBXGroup;
			children = (
				AF3BD014290C0B3D00426807 /* UIColor + ext.swift */,
				AF4211D5290D018D002AE46B /* UIView + ext.swift */,
				AF9E0441290EAB2600C1C272 /* Date + ext.swift */,
			);
			path = Extensions;
			sourceTree = "<group>";
		};
		AF4211D2290CFD4F002AE46B /* Controllers */ = {
			isa = PBXGroup;
			children = (
				AF704E502918290600CB546B /* Navigation */,
				AF4211DC290D03FD002AE46B /* Settings */,
				AF4211DB290D03F0002AE46B /* Progress */,
				AF4211DF290D0441002AE46B /* ProgressController.swift */,
				AF4211DA290D03E2002AE46B /* Session */,
				AF4211D9290D03CC002AE46B /* Overview */,
				AF4211D8290D03A9002AE46B /* Base */,
			);
			path = Controllers;
			sourceTree = "<group>";
		};
		AF4211D8290D03A9002AE46B /* Base */ = {
			isa = PBXGroup;
			children = (
				AF704E46291173E400CB546B /* Views */,
				AF4211D3290CFD74002AE46B /* WABaseController.swift */,
			);
			path = Base;
			sourceTree = "<group>";
		};
		AF4211D9290D03CC002AE46B /* Overview */ = {
			isa = PBXGroup;
			children = (
				AF4211E3290D13C9002AE46B /* Views  */,
				AF3BCFFF290C071000426807 /* OverviewController.swift */,
			);
			path = Overview;
			sourceTree = "<group>";
		};
		AF4211DA290D03E2002AE46B /* Session */ = {
			isa = PBXGroup;
			children = (
				AF704E4729169AA000CB546B /* Views */,
				AF4211DD290D0435002AE46B /* SessionController.swift */,
			);
			path = Session;
			sourceTree = "<group>";
		};
		AF4211DB290D03F0002AE46B /* Progress */ = {
			isa = PBXGroup;
			children = (
				AFE0A0F8294DBF2700B71E12 /* Views */,
			);
			path = Progress;
			sourceTree = "<group>";
		};
		AF4211DC290D03FD002AE46B /* Settings */ = {
			isa = PBXGroup;
			children = (
				AF4211E1290D044E002AE46B /* SettingsController.swift */,
			);
			path = Settings;
			sourceTree = "<group>";
		};
		AF4211E3290D13C9002AE46B /* Views  */ = {
			isa = PBXGroup;
			children = (
				AF704E4D2916AA4500CB546B /* NavBar */,
			);
			path = "Views ";
			sourceTree = "<group>";
		};
		AF4211EA290E9AA5002AE46B /* WeekView */ = {
			isa = PBXGroup;
			children = (
				AF4211EB290E9B0D002AE46B /* WeekView.swift */,
				AF4211ED290EA060002AE46B /* WeekdayView.swift */,
			);
			path = WeekView;
			sourceTree = "<group>";
		};
		AF704E46291173E400CB546B /* Views */ = {
			isa = PBXGroup;
			children = (
				AFE0A10029571E6900B71E12 /* WAChartsView */,
				AF05CECA291F624200A69B02 /* WABarsView */,
				AF4211E8290D26EA002AE46B /* WABaseView.swift */,
				AF704E442910309E00CB546B /* WABaseInfoView.swift */,
				AF4211E4290D1416002AE46B /* WAButton.swift */,
			);
			path = Views;
			sourceTree = "<group>";
		};
		AF704E4729169AA000CB546B /* Views */ = {
			isa = PBXGroup;
			children = (
				AF704E4A29169BC400CB546B /* Timer */,
				AF389395291BDC2B007F1CA7 /* Stats */,
				AF389396291BDC35007F1CA7 /* Steps */,
			);
			path = Views;
			sourceTree = "<group>";
		};
		AF704E4A29169BC400CB546B /* Timer */ = {
			isa = PBXGroup;
			children = (
				AF704E4829169AC000CB546B /* TimerView.swift */,
				AF704E4B29169BEE00CB546B /* ProgressView   .swift */,
				AF704E51291A2DE800CB546B /* PecentView.swift */,
			);
			path = Timer;
			sourceTree = "<group>";
		};
		AF704E4D2916AA4500CB546B /* NavBar */ = {
			isa = PBXGroup;
			children = (
				AF4211E6290D2682002AE46B /* OverviewNavBar.swift */,
				AF4211EA290E9AA5002AE46B /* WeekView */,
			);
			path = NavBar;
			sourceTree = "<group>";
		};
		AF704E502918290600CB546B /* Navigation */ = {
			isa = PBXGroup;
			children = (
				AF3BD011290C09F700426807 /* TabBarController.swift */,
				AF4211D0290CF884002AE46B /* NavBarController.swift */,
			);
			path = Navigation;
			sourceTree = "<group>";
		};
		AFE0A0F8294DBF2700B71E12 /* Views */ = {
			isa = PBXGroup;
			children = (
				AFE0A104295720E400B71E12 /* DailyPerformanceView */,
				AFE0A0FC2956FB3E00B71E12 /* MonthlyPerformanceView */,
			);
			path = Views;
			sourceTree = "<group>";
		};
		AFE0A0FC2956FB3E00B71E12 /* MonthlyPerformanceView */ = {
			isa = PBXGroup;
			children = (
				AFE0A0FD2956FB8100B71E12 /* MonthlyPerformanceView.swift */,
			);
			path = MonthlyPerformanceView;
			sourceTree = "<group>";
		};
		AFE0A10029571E6900B71E12 /* WAChartsView */ = {
			isa = PBXGroup;
			children = (
				AFE0A10129571E7900B71E12 /* Views */,
				AFE0A10229571E9B00B71E12 /* WAChartsView.swift */,
			);
			path = WAChartsView;
			sourceTree = "<group>";
		};
		AFE0A10129571E7900B71E12 /* Views */ = {
			isa = PBXGroup;
			children = (
				AFE0A1052957232E00B71E12 /* XAxisView.swift */,
				AFE0A10729572E8700B71E12 /* YAxisView.swift */,
			);
			path = Views;
			sourceTree = "<group>";
		};
		AFE0A104295720E400B71E12 /* DailyPerformanceView */ = {
			isa = PBXGroup;
			children = (
				AFE0A0FA294DBF8E00B71E12 /* DailyPerformanceView.swift */,
			);
			path = DailyPerformanceView;
			sourceTree = "<group>";
		};
/* End PBXGroup section */

/* Begin PBXNativeTarget section */
		AF3BCFF7290C071000426807 /* WorkoutApp */ = {
			isa = PBXNativeTarget;
			buildConfigurationList = AF3BD00C290C071100426807 /* Build configuration list for PBXNativeTarget "WorkoutApp" */;
			buildPhases = (
				AF3BCFF4290C071000426807 /* Sources */,
				AF3BCFF5290C071000426807 /* Frameworks */,
				AF3BCFF6290C071000426807 /* Resources */,
			);
			buildRules = (
			);
			dependencies = (
			);
			name = WorkoutApp;
			productName = WorkoutApp;
			productReference = AF3BCFF8290C071000426807 /* WorkoutApp.app */;
			productType = "com.apple.product-type.application";
		};
/* End PBXNativeTarget section */

/* Begin PBXProject section */
		AF3BCFF0290C071000426807 /* Project object */ = {
			isa = PBXProject;
			attributes = {
				BuildIndependentTargetsInParallel = 1;
				LastSwiftUpdateCheck = 1400;
				LastUpgradeCheck = 1400;
				TargetAttributes = {
					AF3BCFF7290C071000426807 = {
						CreatedOnToolsVersion = 14.0.1;
					};
				};
			};
			buildConfigurationList = AF3BCFF3290C071000426807 /* Build configuration list for PBXProject "WorkoutApp" */;
			compatibilityVersion = "Xcode 14.0";
			developmentRegion = en;
			hasScannedForEncodings = 0;
			knownRegions = (
				en,
				Base,
			);
			mainGroup = AF3BCFEF290C071000426807;
			productRefGroup = AF3BCFF9290C071000426807 /* Products */;
			projectDirPath = "";
			projectRoot = "";
			targets = (
				AF3BCFF7290C071000426807 /* WorkoutApp */,
			);
		};
/* End PBXProject section */

/* Begin PBXResourcesBuildPhase section */
		AF3BCFF6290C071000426807 /* Resources */ = {
			isa = PBXResourcesBuildPhase;
			buildActionMask = 2147483647;
			files = (
				AF3BD008290C071100426807 /* LaunchScreen.storyboard in Resources */,
				AF704E41290ED6B200CB546B /* .gitignore in Resources */,
				AF3BD005290C071100426807 /* Assets.xcassets in Resources */,
			);
			runOnlyForDeploymentPostprocessing = 0;
		};
/* End PBXResourcesBuildPhase section */

/* Begin PBXSourcesBuildPhase section */
		AF3BCFF4290C071000426807 /* Sources */ = {
			isa = PBXSourcesBuildPhase;
			buildActionMask = 2147483647;
			files = (
				AF4211EC290E9B0D002AE46B /* WeekView.swift in Sources */,
				AF9E0442290EAB2600C1C272 /* Date + ext.swift in Sources */,
				AF4211E2290D044E002AE46B /* SettingsController.swift in Sources */,
				AF3BD000290C071000426807 /* OverviewController.swift in Sources */,
				AF4211E7290D2682002AE46B /* OverviewNavBar.swift in Sources */,
				AFE0A0FE2956FB8100B71E12 /* MonthlyPerformanceView.swift in Sources */,
				AF4211D6290D018D002AE46B /* UIView + ext.swift in Sources */,
				AF704E4C29169BEE00CB546B /* ProgressView   .swift in Sources */,
				AF05CED1291F629300A69B02 /* WABarView.swift in Sources */,
				AF3BD012290C09F700426807 /* TabBarController.swift in Sources */,
				AFE0A0FB294DBF8E00B71E12 /* DailyPerformanceView.swift in Sources */,
				AFE0A10329571E9B00B71E12 /* WAChartsView.swift in Sources */,
				AF3BCFFC290C071000426807 /* AppDelegate.swift in Sources */,
				AF4211DE290D0435002AE46B /* SessionController.swift in Sources */,
				AF704E452910309E00CB546B /* WABaseInfoView.swift in Sources */,
				AF704E4929169AC000CB546B /* TimerView.swift in Sources */,
				AF4211E5290D1416002AE46B /* WAButton.swift in Sources */,
				AF05CEC9291E867B00A69B02 /* StepsView.swift in Sources */,
				AFE0A10829572E8700B71E12 /* YAxisView.swift in Sources */,
				AFE0A1062957232E00B71E12 /* XAxisView.swift in Sources */,
				AF704E52291A2DE800CB546B /* PecentView.swift in Sources */,
				AF4211E0290D0441002AE46B /* ProgressController.swift in Sources */,
				AF38939B291BF893007F1CA7 /* StatsItemView.swift in Sources */,
				AF4211D1290CF884002AE46B /* NavBarController.swift in Sources */,
				AF3BD015290C0B3D00426807 /* UIColor + ext.swift in Sources */,
				AF3BD018290C0C3800426807 /* Recouces.swift in Sources */,
				AF4211E9290D26EA002AE46B /* WABaseView.swift in Sources */,
				AF4211EE290EA060002AE46B /* WeekdayView.swift in Sources */,
				AF05CECE291F627700A69B02 /* WABarsView.swift in Sources */,
				AF389398291BF819007F1CA7 /* StatsView.swift in Sources */,
				AF4211D4290CFD74002AE46B /* WABaseController.swift in Sources */,
				AF3BCFFE290C071000426807 /* SceneDelegate.swift in Sources */,
			);
			runOnlyForDeploymentPostprocessing = 0;
		};
/* End PBXSourcesBuildPhase section */

/* Begin PBXVariantGroup section */
		AF3BD006290C071100426807 /* LaunchScreen.storyboard */ = {
			isa = PBXVariantGroup;
			children = (
				AF3BD007290C071100426807 /* Base */,
			);
			name = LaunchScreen.storyboard;
			sourceTree = "<group>";
		};
/* End PBXVariantGroup section */

/* Begin XCBuildConfiguration section */
		AF3BD00A290C071100426807 /* Debug */ = {
			isa = XCBuildConfiguration;
			buildSettings = {
				ALWAYS_SEARCH_USER_PATHS = NO;
				CLANG_ANALYZER_NONNULL = YES;
				CLANG_ANALYZER_NUMBER_OBJECT_CONVERSION = YES_AGGRESSIVE;
				CLANG_CXX_LANGUAGE_STANDARD = "gnu++20";
				CLANG_ENABLE_MODULES = YES;
				CLANG_ENABLE_OBJC_ARC = YES;
				CLANG_ENABLE_OBJC_WEAK = YES;
				CLANG_WARN_BLOCK_CAPTURE_AUTORELEASING = YES;
				CLANG_WARN_BOOL_CONVERSION = YES;
				CLANG_WARN_COMMA = YES;
				CLANG_WARN_CONSTANT_CONVERSION = YES;
				CLANG_WARN_DEPRECATED_OBJC_IMPLEMENTATIONS = YES;
				CLANG_WARN_DIRECT_OBJC_ISA_USAGE = YES_ERROR;
				CLANG_WARN_DOCUMENTATION_COMMENTS = YES;
				CLANG_WARN_EMPTY_BODY = YES;
				CLANG_WARN_ENUM_CONVERSION = YES;
				CLANG_WARN_INFINITE_RECURSION = YES;
				CLANG_WARN_INT_CONVERSION = YES;
				CLANG_WARN_NON_LITERAL_NULL_CONVERSION = YES;
				CLANG_WARN_OBJC_IMPLICIT_RETAIN_SELF = YES;
				CLANG_WARN_OBJC_LITERAL_CONVERSION = YES;
				CLANG_WARN_OBJC_ROOT_CLASS = YES_ERROR;
				CLANG_WARN_QUOTED_INCLUDE_IN_FRAMEWORK_HEADER = YES;
				CLANG_WARN_RANGE_LOOP_ANALYSIS = YES;
				CLANG_WARN_STRICT_PROTOTYPES = YES;
				CLANG_WARN_SUSPICIOUS_MOVE = YES;
				CLANG_WARN_UNGUARDED_AVAILABILITY = YES_AGGRESSIVE;
				CLANG_WARN_UNREACHABLE_CODE = YES;
				CLANG_WARN__DUPLICATE_METHOD_MATCH = YES;
				COPY_PHASE_STRIP = NO;
				DEBUG_INFORMATION_FORMAT = dwarf;
				ENABLE_STRICT_OBJC_MSGSEND = YES;
				ENABLE_TESTABILITY = YES;
				GCC_C_LANGUAGE_STANDARD = gnu11;
				GCC_DYNAMIC_NO_PIC = NO;
				GCC_NO_COMMON_BLOCKS = YES;
				GCC_OPTIMIZATION_LEVEL = 0;
				GCC_PREPROCESSOR_DEFINITIONS = (
					"DEBUG=1",
					"$(inherited)",
				);
				GCC_WARN_64_TO_32_BIT_CONVERSION = YES;
				GCC_WARN_ABOUT_RETURN_TYPE = YES_ERROR;
				GCC_WARN_UNDECLARED_SELECTOR = YES;
				GCC_WARN_UNINITIALIZED_AUTOS = YES_AGGRESSIVE;
				GCC_WARN_UNUSED_FUNCTION = YES;
				GCC_WARN_UNUSED_VARIABLE = YES;
				IPHONEOS_DEPLOYMENT_TARGET = 16.0;
				MTL_ENABLE_DEBUG_INFO = INCLUDE_SOURCE;
				MTL_FAST_MATH = YES;
				ONLY_ACTIVE_ARCH = YES;
				SDKROOT = iphoneos;
				SWIFT_ACTIVE_COMPILATION_CONDITIONS = DEBUG;
				SWIFT_OPTIMIZATION_LEVEL = "-Onone";
			};
			name = Debug;
		};
		AF3BD00B290C071100426807 /* Release */ = {
			isa = XCBuildConfiguration;
			buildSettings = {
				ALWAYS_SEARCH_USER_PATHS = NO;
				CLANG_ANALYZER_NONNULL = YES;
				CLANG_ANALYZER_NUMBER_OBJECT_CONVERSION = YES_AGGRESSIVE;
				CLANG_CXX_LANGUAGE_STANDARD = "gnu++20";
				CLANG_ENABLE_MODULES = YES;
				CLANG_ENABLE_OBJC_ARC = YES;
				CLANG_ENABLE_OBJC_WEAK = YES;
				CLANG_WARN_BLOCK_CAPTURE_AUTORELEASING = YES;
				CLANG_WARN_BOOL_CONVERSION = YES;
				CLANG_WARN_COMMA = YES;
				CLANG_WARN_CONSTANT_CONVERSION = YES;
				CLANG_WARN_DEPRECATED_OBJC_IMPLEMENTATIONS = YES;
				CLANG_WARN_DIRECT_OBJC_ISA_USAGE = YES_ERROR;
				CLANG_WARN_DOCUMENTATION_COMMENTS = YES;
				CLANG_WARN_EMPTY_BODY = YES;
				CLANG_WARN_ENUM_CONVERSION = YES;
				CLANG_WARN_INFINITE_RECURSION = YES;
				CLANG_WARN_INT_CONVERSION = YES;
				CLANG_WARN_NON_LITERAL_NULL_CONVERSION = YES;
				CLANG_WARN_OBJC_IMPLICIT_RETAIN_SELF = YES;
				CLANG_WARN_OBJC_LITERAL_CONVERSION = YES;
				CLANG_WARN_OBJC_ROOT_CLASS = YES_ERROR;
				CLANG_WARN_QUOTED_INCLUDE_IN_FRAMEWORK_HEADER = YES;
				CLANG_WARN_RANGE_LOOP_ANALYSIS = YES;
				CLANG_WARN_STRICT_PROTOTYPES = YES;
				CLANG_WARN_SUSPICIOUS_MOVE = YES;
				CLANG_WARN_UNGUARDED_AVAILABILITY = YES_AGGRESSIVE;
				CLANG_WARN_UNREACHABLE_CODE = YES;
				CLANG_WARN__DUPLICATE_METHOD_MATCH = YES;
				COPY_PHASE_STRIP = NO;
				DEBUG_INFORMATION_FORMAT = "dwarf-with-dsym";
				ENABLE_NS_ASSERTIONS = NO;
				ENABLE_STRICT_OBJC_MSGSEND = YES;
				GCC_C_LANGUAGE_STANDARD = gnu11;
				GCC_NO_COMMON_BLOCKS = YES;
				GCC_WARN_64_TO_32_BIT_CONVERSION = YES;
				GCC_WARN_ABOUT_RETURN_TYPE = YES_ERROR;
				GCC_WARN_UNDECLARED_SELECTOR = YES;
				GCC_WARN_UNINITIALIZED_AUTOS = YES_AGGRESSIVE;
				GCC_WARN_UNUSED_FUNCTION = YES;
				GCC_WARN_UNUSED_VARIABLE = YES;
				IPHONEOS_DEPLOYMENT_TARGET = 16.0;
				MTL_ENABLE_DEBUG_INFO = NO;
				MTL_FAST_MATH = YES;
				SDKROOT = iphoneos;
				SWIFT_COMPILATION_MODE = wholemodule;
				SWIFT_OPTIMIZATION_LEVEL = "-O";
				VALIDATE_PRODUCT = YES;
			};
			name = Release;
		};
		AF3BD00D290C071100426807 /* Debug */ = {
			isa = XCBuildConfiguration;
			buildSettings = {
				ASSETCATALOG_COMPILER_APPICON_NAME = AppIcon;
				ASSETCATALOG_COMPILER_GLOBAL_ACCENT_COLOR_NAME = AccentColor;
				CODE_SIGN_STYLE = Automatic;
				CURRENT_PROJECT_VERSION = 1;
				DEVELOPMENT_TEAM = 8CW4G86PK2;
				GENERATE_INFOPLIST_FILE = YES;
				INFOPLIST_FILE = WorkoutApp/SupportingFiles/Info.plist;
				INFOPLIST_KEY_UIApplicationSupportsIndirectInputEvents = YES;
				INFOPLIST_KEY_UILaunchStoryboardName = LaunchScreen;
				INFOPLIST_KEY_UIMainStoryboardFile = "";
				INFOPLIST_KEY_UISupportedInterfaceOrientations = UIInterfaceOrientationPortrait;
				INFOPLIST_KEY_UISupportedInterfaceOrientations_iPad = "UIInterfaceOrientationLandscapeLeft UIInterfaceOrientationLandscapeRight UIInterfaceOrientationPortrait UIInterfaceOrientationPortraitUpsideDown";
				LD_RUNPATH_SEARCH_PATHS = (
					"$(inherited)",
					"@executable_path/Frameworks",
				);
				MARKETING_VERSION = 1.0;
				PRODUCT_BUNDLE_IDENTIFIER = kz.ios.WorkoutApp;
				PRODUCT_NAME = "$(TARGET_NAME)";
				SUPPORTED_PLATFORMS = "iphoneos iphonesimulator";
				SUPPORTS_MACCATALYST = NO;
				SUPPORTS_MAC_DESIGNED_FOR_IPHONE_IPAD = NO;
				SWIFT_EMIT_LOC_STRINGS = YES;
				SWIFT_VERSION = 5.0;
				TARGETED_DEVICE_FAMILY = 1;
			};
			name = Debug;
		};
		AF3BD00E290C071100426807 /* Release */ = {
			isa = XCBuildConfiguration;
			buildSettings = {
				ASSETCATALOG_COMPILER_APPICON_NAME = AppIcon;
				ASSETCATALOG_COMPILER_GLOBAL_ACCENT_COLOR_NAME = AccentColor;
				CODE_SIGN_STYLE = Automatic;
				CURRENT_PROJECT_VERSION = 1;
				DEVELOPMENT_TEAM = 8CW4G86PK2;
				GENERATE_INFOPLIST_FILE = YES;
				INFOPLIST_FILE = WorkoutApp/SupportingFiles/Info.plist;
				INFOPLIST_KEY_UIApplicationSupportsIndirectInputEvents = YES;
				INFOPLIST_KEY_UILaunchStoryboardName = LaunchScreen;
				INFOPLIST_KEY_UIMainStoryboardFile = "";
				INFOPLIST_KEY_UISupportedInterfaceOrientations = UIInterfaceOrientationPortrait;
				INFOPLIST_KEY_UISupportedInterfaceOrientations_iPad = "UIInterfaceOrientationLandscapeLeft UIInterfaceOrientationLandscapeRight UIInterfaceOrientationPortrait UIInterfaceOrientationPortraitUpsideDown";
				LD_RUNPATH_SEARCH_PATHS = (
					"$(inherited)",
					"@executable_path/Frameworks",
				);
				MARKETING_VERSION = 1.0;
				PRODUCT_BUNDLE_IDENTIFIER = kz.ios.WorkoutApp;
				PRODUCT_NAME = "$(TARGET_NAME)";
				SUPPORTED_PLATFORMS = "iphoneos iphonesimulator";
				SUPPORTS_MACCATALYST = NO;
				SUPPORTS_MAC_DESIGNED_FOR_IPHONE_IPAD = NO;
				SWIFT_EMIT_LOC_STRINGS = YES;
				SWIFT_VERSION = 5.0;
				TARGETED_DEVICE_FAMILY = 1;
			};
			name = Release;
		};
/* End XCBuildConfiguration section */

/* Begin XCConfigurationList section */
		AF3BCFF3290C071000426807 /* Build configuration list for PBXProject "WorkoutApp" */ = {
			isa = XCConfigurationList;
			buildConfigurations = (
				AF3BD00A290C071100426807 /* Debug */,
				AF3BD00B290C071100426807 /* Release */,
			);
			defaultConfigurationIsVisible = 0;
			defaultConfigurationName = Release;
		};
		AF3BD00C290C071100426807 /* Build configuration list for PBXNativeTarget "WorkoutApp" */ = {
			isa = XCConfigurationList;
			buildConfigurations = (
				AF3BD00D290C071100426807 /* Debug */,
				AF3BD00E290C071100426807 /* Release */,
			);
			defaultConfigurationIsVisible = 0;
			defaultConfigurationName = Release;
		};
/* End XCConfigurationList section */
	};
	rootObject = AF3BCFF0290C071000426807 /* Project object */;
}
